// !$*UTF8*$!
{
	archiveVersion = 1;
	classes = {
	};
	objectVersion = 77;
	objects = {

/* Begin PBXBuildFile section */
		44D51C472E04471400309324 /* FSCalendar in Frameworks */ = {isa = PBXBuildFile; productRef = 44D51C462E04471400309324 /* FSCalendar */; };
		A003D6202DFAE65400A5B0C0 /* SFSymbolsPicker in Frameworks */ = {isa = PBXBuildFile; productRef = A003D61F2DFAE65400A5B0C0 /* SFSymbolsPicker */; };
		BB03A9922F277B9E004BD874 /* WidgetKit.framework in Frameworks */ = {isa = PBXBuildFile; fileRef = BB03A9912F277B9E004BD874 /* WidgetKit.framework */; };
		BB03A9942F277B9E004BD874 /* SwiftUI.framework in Frameworks */ = {isa = PBXBuildFile; fileRef = BB03A9932F277B9E004BD874 /* SwiftUI.framework */; };
		BB03A99F2F277BA1004BD874 /* Haby WidgetExtension.appex in Embed Foundation Extensions */ = {isa = PBXBuildFile; fileRef = BB03A98F2F277B9E004BD874 /* Haby WidgetExtension.appex */; settings = {ATTRIBUTES = (RemoveHeadersOnCopy, ); }; };
		BB2C2B772F20D5120030CF44 /* Haby Companion Watch App.app in Embed Watch Content */ = {isa = PBXBuildFile; fileRef = BB2C2B6D2F20D5110030CF44 /* Haby Companion Watch App.app */; settings = {ATTRIBUTES = (RemoveHeadersOnCopy, ); }; };
/* End PBXBuildFile section */

/* Begin PBXContainerItemProxy section */
		BB03A99D2F277BA1004BD874 /* PBXContainerItemProxy */ = {
			isa = PBXContainerItemProxy;
			containerPortal = 44B063E02DDDC4D000252D85 /* Project object */;
			proxyType = 1;
			remoteGlobalIDString = BB03A98E2F277B9E004BD874;
			remoteInfo = "Haby WidgetExtension";
		};
		BB2C2B752F20D5120030CF44 /* PBXContainerItemProxy */ = {
			isa = PBXContainerItemProxy;
			containerPortal = 44B063E02DDDC4D000252D85 /* Project object */;
			proxyType = 1;
			remoteGlobalIDString = BB2C2B6C2F20D5110030CF44;
			remoteInfo = "Haby Companion Watch App";
		};
/* End PBXContainerItemProxy section */

/* Begin PBXCopyFilesBuildPhase section */
		BB03A9A02F277BA1004BD874 /* Embed Foundation Extensions */ = {
			isa = PBXCopyFilesBuildPhase;
			buildActionMask = 2147483647;
			dstPath = "";
			dstSubfolderSpec = 13;
			files = (
				BB03A99F2F277BA1004BD874 /* Haby WidgetExtension.appex in Embed Foundation Extensions */,
			);
			name = "Embed Foundation Extensions";
			runOnlyForDeploymentPostprocessing = 0;
		};
		BB2C2B612F20D1DA0030CF44 /* Embed Watch Content */ = {
			isa = PBXCopyFilesBuildPhase;
			buildActionMask = 2147483647;
			dstPath = "$(CONTENTS_FOLDER_PATH)/Watch";
			dstSubfolderSpec = 16;
			files = (
				BB2C2B772F20D5120030CF44 /* Haby Companion Watch App.app in Embed Watch Content */,
			);
			name = "Embed Watch Content";
			runOnlyForDeploymentPostprocessing = 0;
		};
/* End PBXCopyFilesBuildPhase section */

/* Begin PBXFileReference section */
		44B063E82DDDC4D000252D85 /* Haby.app */ = {isa = PBXFileReference; explicitFileType = wrapper.application; includeInIndex = 0; path = Haby.app; sourceTree = BUILT_PRODUCTS_DIR; };
		5C79B44A2F1F1B9300CA4B0C /* .gitignore */ = {isa = PBXFileReference; lastKnownFileType = text; path = .gitignore; sourceTree = "<group>"; };
		BB03A98F2F277B9E004BD874 /* Haby WidgetExtension.appex */ = {isa = PBXFileReference; explicitFileType = "wrapper.app-extension"; includeInIndex = 0; path = "Haby WidgetExtension.appex"; sourceTree = BUILT_PRODUCTS_DIR; };
		BB03A9912F277B9E004BD874 /* WidgetKit.framework */ = {isa = PBXFileReference; lastKnownFileType = wrapper.framework; name = WidgetKit.framework; path = System/Library/Frameworks/WidgetKit.framework; sourceTree = SDKROOT; };
		BB03A9932F277B9E004BD874 /* SwiftUI.framework */ = {isa = PBXFileReference; lastKnownFileType = wrapper.framework; name = SwiftUI.framework; path = System/Library/Frameworks/SwiftUI.framework; sourceTree = SDKROOT; };
		BB03AB5C2F27856C004BD874 /* Haby WidgetExtension.entitlements */ = {isa = PBXFileReference; lastKnownFileType = text.plist.entitlements; path = "Haby WidgetExtension.entitlements"; sourceTree = "<group>"; };
		BB2C2B6D2F20D5110030CF44 /* Haby Companion Watch App.app */ = {isa = PBXFileReference; explicitFileType = wrapper.application; includeInIndex = 0; path = "Haby Companion Watch App.app"; sourceTree = BUILT_PRODUCTS_DIR; };
/* End PBXFileReference section */

/* Begin PBXFileSystemSynchronizedBuildFileExceptionSet section */
		5C79B47E2F1FD89D00CA4B0C /* Exceptions for "Config" folder in "Haby" target */ = {
			isa = PBXFileSystemSynchronizedBuildFileExceptionSet;
			membershipExceptions = (
				Base.xcconfig,
				Debug.xcconfig,
				Release.xcconfig,
				"Targets/App/App-Base.xcconfig",
				"Targets/App/App-Debug.xcconfig",
				"Targets/App/App-Release.xcconfig",
				"Targets/Watch/Watch-Base.xcconfig",
				"Targets/Watch/Watch-Debug.xcconfig",
				"Targets/Watch/Watch-Release.xcconfig",
				"Targets/Widget/Widget-Base.xcconfig",
				"Targets/Widget/Widget-Debug.xcconfig",
				"Targets/Widget/Widget-Release.xcconfig",
				User.xcconfig,
			);
			target = 44B063E72DDDC4D000252D85 /* Haby */;
		};
		A00867632E040B58006C961F /* Exceptions for "Haby" folder in "Haby" target */ = {
			isa = PBXFileSystemSynchronizedBuildFileExceptionSet;
			membershipExceptions = (
				Info.plist,
			);
			target = 44B063E72DDDC4D000252D85 /* Haby */;
		};
		BB03A9A42F277BA1004BD874 /* Exceptions for "Haby Widget" folder in "Haby WidgetExtension" target */ = {
			isa = PBXFileSystemSynchronizedBuildFileExceptionSet;
			membershipExceptions = (
				Info.plist,
			);
			target = BB03A98E2F277B9E004BD874 /* Haby WidgetExtension */;
		};
		BB03A9AD2F277D5B004BD874 /* Exceptions for "Haby" folder in "Haby WidgetExtension" target */ = {
			isa = PBXFileSystemSynchronizedBuildFileExceptionSet;
			membershipExceptions = (
				Model/Enum/AmountUnit.swift,
				Model/Enum/HabitFrequency.swift,
				Model/Enum/Mood.swift,
				Model/Enum/WeekDay.swift,
				Model/HabitDefinition.swift,
				Model/HabitRecord.swift,
				Model/HabitTypeRegistry.swift,
				Model/HabitTypes/AmountHabit.swift,
				Model/HabitTypes/DeadlineHabit.swift,
				Model/HabitTypes/OnTimeHabit.swift,
				Model/Haby.xcdatamodeld,
				Model/HealthDataPoint.swift,
				Model/MoodRecord.swift,
				Services/Connector/PhoneSessionManager.swift,
				Services/Connector/PhoneSessionManaging.swift,
				Services/Data/Conversion/HabitDefinitionConversion.swift,
				Services/Data/Conversion/HabitRecordConversion.swift,
				Services/Data/Conversion/MoodRecordConversion.swift,
				Services/Data/Conversion/Protocols/EntityConverting.swift,
				Services/Data/Conversion/Protocols/ModelConverting.swift,
				Services/Data/CoreDataManager.swift,
				Services/Data/DataManaging.swift,
				Services/Data/HabitDefinitionDataManager.swift,
				Services/Data/HabitRecordDataManager.swift,
				Services/Data/MockupDataManager.swift,
				Services/Data/MoodDataManager.swift,
				Services/Habit/HabitManager.swift,
				Services/Habit/HabitManaging.swift,
				Services/Health/HealthManager.swift,
				Services/Health/HealthManaging.swift,
				Services/Notification/NotificationManager.swift,
				Services/Notification/NotificationManaging.swift,
				UI/Components/Card.swift,
				UI/Resources/Colors.swift,
				Utils/DateUtils.swift,
				Utils/HabitStatusHelper.swift,
			);
			target = BB03A98E2F277B9E004BD874 /* Haby WidgetExtension */;
		};
		BB03A9B42F277DBB004BD874 /* Exceptions for "Shared" folder in "Haby WidgetExtension" target */ = {
			isa = PBXFileSystemSynchronizedBuildFileExceptionSet;
			membershipExceptions = (
				DI/DIManager.swift,
				DI/DIRegister.swift,
				DI/Injected.swift,
				Extensions/IntExtension.swift,
				Extensions/NotificationExtension.swift,
				"UI/Resources/Global Assets.xcassets",
			);
			target = BB03A98E2F277B9E004BD874 /* Haby WidgetExtension */;
		};
		BB2C2B882F20E2C10030CF44 /* Exceptions for "Shared" folder in "Haby Companion Watch App" target */ = {
			isa = PBXFileSystemSynchronizedBuildFileExceptionSet;
			membershipExceptions = (
				DI/DIManager.swift,
				DI/DIRegister.swift,
				DI/Injected.swift,
				Extensions/DateExtension.swift,
				Extensions/FloatExtension.swift,
				Extensions/HabitDefinitionExtension.swift,
				Extensions/IntExtension.swift,
				Extensions/NotificationExtension.swift,
				Extensions/ViewExtensions.swift,
				"UI/Resources/Global Assets.xcassets",
			);
			target = BB2C2B6C2F20D5110030CF44 /* Haby Companion Watch App */;
		};
		BB2C2B9D2F20EA840030CF44 /* Exceptions for "Haby" folder in "Haby Companion Watch App" target */ = {
			isa = PBXFileSystemSynchronizedBuildFileExceptionSet;
			membershipExceptions = (
				Model/Enum/AmountUnit.swift,
				Model/Enum/HabitFrequency.swift,
				Model/Enum/InternalHabitCategory.swift,
				Model/Enum/Mood.swift,
				Model/Enum/WeekDay.swift,
				Model/HabitDefinition.swift,
				Model/HabitRecord.swift,
				Model/HabitTypeRegistry.swift,
				Model/HabitTypes/AmountHabit.swift,
				Model/HabitTypes/DeadlineHabit.swift,
				Model/HabitTypes/OnTimeHabit.swift,
				Model/Haby.xcdatamodeld,
				Model/HealthDataPoint.swift,
				Model/MoodRecord.swift,
				Services/Data/Conversion/HabitDefinitionConversion.swift,
				Services/Data/Conversion/HabitRecordConversion.swift,
				Services/Data/Conversion/MoodRecordConversion.swift,
				Services/Data/Conversion/Protocols/EntityConverting.swift,
				Services/Data/Conversion/Protocols/ModelConverting.swift,
				Services/Data/CoreDataManager.swift,
				Services/Data/DataManaging.swift,
				Services/Data/HabitDefinitionDataManager.swift,
				Services/Data/HabitRecordDataManager.swift,
				Services/Data/MockupDataManager.swift,
				Services/Data/MoodDataManager.swift,
				Services/Habit/HabitManager.swift,
				Services/Habit/HabitManaging.swift,
				Services/Health/HealthManager.swift,
				Services/Health/HealthManaging.swift,
				Services/Notification/NotificationManager.swift,
				Services/Notification/NotificationManaging.swift,
				UI/Components/Card.swift,
				UI/Resources/Assets.xcassets,
				UI/Resources/Colors.swift,
				UI/Resources/Styles.swift,
				Utils/DateUtils.swift,
				Utils/HabitStatusHelper.swift,
			);
			target = BB2C2B6C2F20D5110030CF44 /* Haby Companion Watch App */;
		};
		BB5FECC92F2127DE0007EF29 /* Exceptions for "Haby Companion Watch App" folder in "Haby" target */ = {
			isa = PBXFileSystemSynchronizedBuildFileExceptionSet;
			membershipExceptions = (
				Assets.xcassets,
			);
			target = 44B063E72DDDC4D000252D85 /* Haby */;
		};
/* End PBXFileSystemSynchronizedBuildFileExceptionSet section */

/* Begin PBXFileSystemSynchronizedRootGroup section */
		44B063EA2DDDC4D000252D85 /* Haby */ = {
			isa = PBXFileSystemSynchronizedRootGroup;
			exceptions = (
				A00867632E040B58006C961F /* Exceptions for "Haby" folder in "Haby" target */,
				BB2C2B9D2F20EA840030CF44 /* Exceptions for "Haby" folder in "Haby Companion Watch App" target */,
				BB03A9AD2F277D5B004BD874 /* Exceptions for "Haby" folder in "Haby WidgetExtension" target */,
			);
			path = Haby;
			sourceTree = "<group>";
		};
		5C79B45A2F1F203400CA4B0C /* Config */ = {
			isa = PBXFileSystemSynchronizedRootGroup;
			exceptions = (
				5C79B47E2F1FD89D00CA4B0C /* Exceptions for "Config" folder in "Haby" target */,
			);
			path = Config;
			sourceTree = "<group>";
		};
		5C79B5952F20426A00CA4B0C /* Shared */ = {
			isa = PBXFileSystemSynchronizedRootGroup;
			exceptions = (
				BB2C2B882F20E2C10030CF44 /* Exceptions for "Shared" folder in "Haby Companion Watch App" target */,
				BB03A9B42F277DBB004BD874 /* Exceptions for "Shared" folder in "Haby WidgetExtension" target */,
			);
			path = Shared;
			sourceTree = "<group>";
		};
		BB03A9952F277B9E004BD874 /* Haby Widget */ = {
			isa = PBXFileSystemSynchronizedRootGroup;
			exceptions = (
				BB03A9A42F277BA1004BD874 /* Exceptions for "Haby Widget" folder in "Haby WidgetExtension" target */,
			);
			path = "Haby Widget";
			sourceTree = "<group>";
		};
		BB2C2B6E2F20D5110030CF44 /* Haby Companion Watch App */ = {
			isa = PBXFileSystemSynchronizedRootGroup;
			exceptions = (
				BB5FECC92F2127DE0007EF29 /* Exceptions for "Haby Companion Watch App" folder in "Haby" target */,
			);
			path = "Haby Companion Watch App";
			sourceTree = "<group>";
		};
/* End PBXFileSystemSynchronizedRootGroup section */

/* Begin PBXFrameworksBuildPhase section */
		44B063E52DDDC4D000252D85 /* Frameworks */ = {
			isa = PBXFrameworksBuildPhase;
			buildActionMask = 2147483647;
			files = (
				A003D6202DFAE65400A5B0C0 /* SFSymbolsPicker in Frameworks */,
				44D51C472E04471400309324 /* FSCalendar in Frameworks */,
			);
			runOnlyForDeploymentPostprocessing = 0;
		};
		BB03A98C2F277B9E004BD874 /* Frameworks */ = {
			isa = PBXFrameworksBuildPhase;
			buildActionMask = 2147483647;
			files = (
				BB03A9942F277B9E004BD874 /* SwiftUI.framework in Frameworks */,
				BB03A9922F277B9E004BD874 /* WidgetKit.framework in Frameworks */,
			);
			runOnlyForDeploymentPostprocessing = 0;
		};
		BB2C2B6A2F20D5110030CF44 /* Frameworks */ = {
			isa = PBXFrameworksBuildPhase;
			buildActionMask = 2147483647;
			files = (
			);
			runOnlyForDeploymentPostprocessing = 0;
		};
/* End PBXFrameworksBuildPhase section */

/* Begin PBXGroup section */
		44B063DF2DDDC4D000252D85 = {
			isa = PBXGroup;
			children = (
				BB03AB5C2F27856C004BD874 /* Haby WidgetExtension.entitlements */,
				5C79B45A2F1F203400CA4B0C /* Config */,
				5C79B44A2F1F1B9300CA4B0C /* .gitignore */,
				5C79B5952F20426A00CA4B0C /* Shared */,
				44B063EA2DDDC4D000252D85 /* Haby */,
				BB2C2B6E2F20D5110030CF44 /* Haby Companion Watch App */,
				BB03A9952F277B9E004BD874 /* Haby Widget */,
				BB03A9902F277B9E004BD874 /* Frameworks */,
				44B063E92DDDC4D000252D85 /* Products */,
			);
			sourceTree = "<group>";
		};
		44B063E92DDDC4D000252D85 /* Products */ = {
			isa = PBXGroup;
			children = (
				44B063E82DDDC4D000252D85 /* Haby.app */,
				BB2C2B6D2F20D5110030CF44 /* Haby Companion Watch App.app */,
				BB03A98F2F277B9E004BD874 /* Haby WidgetExtension.appex */,
			);
			name = Products;
			sourceTree = "<group>";
		};
		BB03A9902F277B9E004BD874 /* Frameworks */ = {
			isa = PBXGroup;
			children = (
				BB03A9912F277B9E004BD874 /* WidgetKit.framework */,
				BB03A9932F277B9E004BD874 /* SwiftUI.framework */,
			);
			name = Frameworks;
			sourceTree = "<group>";
		};
/* End PBXGroup section */

/* Begin PBXNativeTarget section */
		44B063E72DDDC4D000252D85 /* Haby */ = {
			isa = PBXNativeTarget;
			buildConfigurationList = 44B063F62DDDC4D100252D85 /* Build configuration list for PBXNativeTarget "Haby" */;
			buildPhases = (
				44B063E42DDDC4D000252D85 /* Sources */,
				44B063E52DDDC4D000252D85 /* Frameworks */,
				44B063E62DDDC4D000252D85 /* Resources */,
				BB2C2B612F20D1DA0030CF44 /* Embed Watch Content */,
				BB03A9A02F277BA1004BD874 /* Embed Foundation Extensions */,
			);
			buildRules = (
			);
			dependencies = (
				BB2C2B762F20D5120030CF44 /* PBXTargetDependency */,
				BB03A99E2F277BA1004BD874 /* PBXTargetDependency */,
			);
			fileSystemSynchronizedGroups = (
				44B063EA2DDDC4D000252D85 /* Haby */,
				5C79B45A2F1F203400CA4B0C /* Config */,
				5C79B5952F20426A00CA4B0C /* Shared */,
			);
			name = Haby;
			packageProductDependencies = (
				A003D61F2DFAE65400A5B0C0 /* SFSymbolsPicker */,
				44D51C462E04471400309324 /* FSCalendar */,
			);
			productName = Haby;
			productReference = 44B063E82DDDC4D000252D85 /* Haby.app */;
			productType = "com.apple.product-type.application";
		};
		BB03A98E2F277B9E004BD874 /* Haby WidgetExtension */ = {
			isa = PBXNativeTarget;
			buildConfigurationList = BB03A9A32F277BA1004BD874 /* Build configuration list for PBXNativeTarget "Haby WidgetExtension" */;
			buildPhases = (
				BB03A98B2F277B9E004BD874 /* Sources */,
				BB03A98C2F277B9E004BD874 /* Frameworks */,
				BB03A98D2F277B9E004BD874 /* Resources */,
			);
			buildRules = (
			);
			dependencies = (
			);
			fileSystemSynchronizedGroups = (
				BB03A9952F277B9E004BD874 /* Haby Widget */,
			);
			name = "Haby WidgetExtension";
			packageProductDependencies = (
			);
			productName = "Haby WidgetExtension";
			productReference = BB03A98F2F277B9E004BD874 /* Haby WidgetExtension.appex */;
			productType = "com.apple.product-type.app-extension";
		};
		BB2C2B6C2F20D5110030CF44 /* Haby Companion Watch App */ = {
			isa = PBXNativeTarget;
			buildConfigurationList = BB2C2B782F20D5120030CF44 /* Build configuration list for PBXNativeTarget "Haby Companion Watch App" */;
			buildPhases = (
				BB2C2B692F20D5110030CF44 /* Sources */,
				BB2C2B6A2F20D5110030CF44 /* Frameworks */,
				BB2C2B6B2F20D5110030CF44 /* Resources */,
			);
			buildRules = (
			);
			dependencies = (
			);
			fileSystemSynchronizedGroups = (
				BB2C2B6E2F20D5110030CF44 /* Haby Companion Watch App */,
			);
			name = "Haby Companion Watch App";
			packageProductDependencies = (
			);
			productName = "Haby Companion Watch App";
			productReference = BB2C2B6D2F20D5110030CF44 /* Haby Companion Watch App.app */;
			productType = "com.apple.product-type.application";
		};
/* End PBXNativeTarget section */

/* Begin PBXProject section */
		44B063E02DDDC4D000252D85 /* Project object */ = {
			isa = PBXProject;
			attributes = {
				BuildIndependentTargetsInParallel = 1;
				LastSwiftUpdateCheck = 2620;
				LastUpgradeCheck = 2620;
				TargetAttributes = {
					44B063E72DDDC4D000252D85 = {
						CreatedOnToolsVersion = 16.2;
					};
					BB03A98E2F277B9E004BD874 = {
						CreatedOnToolsVersion = 26.2;
					};
					BB2C2B6C2F20D5110030CF44 = {
						CreatedOnToolsVersion = 26.2;
					};
				};
			};
			buildConfigurationList = 44B063E32DDDC4D000252D85 /* Build configuration list for PBXProject "Haby" */;
			developmentRegion = en;
			hasScannedForEncodings = 0;
			knownRegions = (
				en,
				Base,
			);
			mainGroup = 44B063DF2DDDC4D000252D85;
			minimizedProjectReferenceProxies = 1;
			packageReferences = (
				A003D61E2DFAE65400A5B0C0 /* XCRemoteSwiftPackageReference "SFSymbolsPicker" */,
				44D51C452E04471400309324 /* XCRemoteSwiftPackageReference "FSCalendar" */,
			);
			preferredProjectObjectVersion = 77;
			productRefGroup = 44B063E92DDDC4D000252D85 /* Products */;
			projectDirPath = "";
			projectRoot = "";
			targets = (
				44B063E72DDDC4D000252D85 /* Haby */,
				BB2C2B6C2F20D5110030CF44 /* Haby Companion Watch App */,
				BB03A98E2F277B9E004BD874 /* Haby WidgetExtension */,
			);
		};
/* End PBXProject section */

/* Begin PBXResourcesBuildPhase section */
		44B063E62DDDC4D000252D85 /* Resources */ = {
			isa = PBXResourcesBuildPhase;
			buildActionMask = 2147483647;
			files = (
			);
			runOnlyForDeploymentPostprocessing = 0;
		};
		BB03A98D2F277B9E004BD874 /* Resources */ = {
			isa = PBXResourcesBuildPhase;
			buildActionMask = 2147483647;
			files = (
			);
			runOnlyForDeploymentPostprocessing = 0;
		};
		BB2C2B6B2F20D5110030CF44 /* Resources */ = {
			isa = PBXResourcesBuildPhase;
			buildActionMask = 2147483647;
			files = (
			);
			runOnlyForDeploymentPostprocessing = 0;
		};
/* End PBXResourcesBuildPhase section */

/* Begin PBXSourcesBuildPhase section */
		44B063E42DDDC4D000252D85 /* Sources */ = {
			isa = PBXSourcesBuildPhase;
			buildActionMask = 2147483647;
			files = (
			);
			runOnlyForDeploymentPostprocessing = 0;
		};
		BB03A98B2F277B9E004BD874 /* Sources */ = {
			isa = PBXSourcesBuildPhase;
			buildActionMask = 2147483647;
			files = (
			);
			runOnlyForDeploymentPostprocessing = 0;
		};
		BB2C2B692F20D5110030CF44 /* Sources */ = {
			isa = PBXSourcesBuildPhase;
			buildActionMask = 2147483647;
			files = (
			);
			runOnlyForDeploymentPostprocessing = 0;
		};
/* End PBXSourcesBuildPhase section */

/* Begin PBXTargetDependency section */
		BB03A99E2F277BA1004BD874 /* PBXTargetDependency */ = {
			isa = PBXTargetDependency;
			target = BB03A98E2F277B9E004BD874 /* Haby WidgetExtension */;
			targetProxy = BB03A99D2F277BA1004BD874 /* PBXContainerItemProxy */;
		};
		BB2C2B762F20D5120030CF44 /* PBXTargetDependency */ = {
			isa = PBXTargetDependency;
			target = BB2C2B6C2F20D5110030CF44 /* Haby Companion Watch App */;
			targetProxy = BB2C2B752F20D5120030CF44 /* PBXContainerItemProxy */;
		};
/* End PBXTargetDependency section */

/* Begin XCBuildConfiguration section */
		44B063F42DDDC4D100252D85 /* Debug */ = {
			isa = XCBuildConfiguration;
			baseConfigurationReferenceAnchor = 5C79B45A2F1F203400CA4B0C /* Config */;
			baseConfigurationReferenceRelativePath = Debug.xcconfig;
			buildSettings = {
				ALWAYS_SEARCH_USER_PATHS = NO;
				ASSETCATALOG_COMPILER_GENERATE_SWIFT_ASSET_SYMBOL_EXTENSIONS = YES;
				CLANG_ANALYZER_NONNULL = YES;
				CLANG_ANALYZER_NUMBER_OBJECT_CONVERSION = YES_AGGRESSIVE;
				CLANG_CXX_LANGUAGE_STANDARD = "gnu++20";
				CLANG_ENABLE_MODULES = YES;
				CLANG_ENABLE_OBJC_ARC = YES;
				CLANG_ENABLE_OBJC_WEAK = YES;
				CLANG_WARN_BLOCK_CAPTURE_AUTORELEASING = YES;
				CLANG_WARN_BOOL_CONVERSION = YES;
				CLANG_WARN_COMMA = YES;
				CLANG_WARN_CONSTANT_CONVERSION = YES;
				CLANG_WARN_DEPRECATED_OBJC_IMPLEMENTATIONS = YES;
				CLANG_WARN_DIRECT_OBJC_ISA_USAGE = YES_ERROR;
				CLANG_WARN_DOCUMENTATION_COMMENTS = YES;
				CLANG_WARN_EMPTY_BODY = YES;
				CLANG_WARN_ENUM_CONVERSION = YES;
				CLANG_WARN_INFINITE_RECURSION = YES;
				CLANG_WARN_INT_CONVERSION = YES;
				CLANG_WARN_NON_LITERAL_NULL_CONVERSION = YES;
				CLANG_WARN_OBJC_IMPLICIT_RETAIN_SELF = YES;
				CLANG_WARN_OBJC_LITERAL_CONVERSION = YES;
				CLANG_WARN_OBJC_ROOT_CLASS = YES_ERROR;
				CLANG_WARN_QUOTED_INCLUDE_IN_FRAMEWORK_HEADER = YES;
				CLANG_WARN_RANGE_LOOP_ANALYSIS = YES;
				CLANG_WARN_STRICT_PROTOTYPES = YES;
				CLANG_WARN_SUSPICIOUS_MOVE = YES;
				CLANG_WARN_UNGUARDED_AVAILABILITY = YES_AGGRESSIVE;
				CLANG_WARN_UNREACHABLE_CODE = YES;
				CLANG_WARN__DUPLICATE_METHOD_MATCH = YES;
				COPY_PHASE_STRIP = NO;
				DEBUG_INFORMATION_FORMAT = dwarf;
				DEVELOPMENT_TEAM = SK8659UQX8;
				ENABLE_STRICT_OBJC_MSGSEND = YES;
				ENABLE_TESTABILITY = YES;
				ENABLE_USER_SCRIPT_SANDBOXING = YES;
				GCC_C_LANGUAGE_STANDARD = gnu17;
				GCC_DYNAMIC_NO_PIC = NO;
				GCC_NO_COMMON_BLOCKS = YES;
				GCC_OPTIMIZATION_LEVEL = 0;
				GCC_PREPROCESSOR_DEFINITIONS = (
					"DEBUG=1",
					"$(inherited)",
				);
				GCC_WARN_64_TO_32_BIT_CONVERSION = YES;
				GCC_WARN_ABOUT_RETURN_TYPE = YES_ERROR;
				GCC_WARN_UNDECLARED_SELECTOR = YES;
				GCC_WARN_UNINITIALIZED_AUTOS = YES_AGGRESSIVE;
				GCC_WARN_UNUSED_FUNCTION = YES;
				GCC_WARN_UNUSED_VARIABLE = YES;
				IPHONEOS_DEPLOYMENT_TARGET = 18.2;
				LOCALIZATION_PREFERS_STRING_CATALOGS = YES;
				MTL_ENABLE_DEBUG_INFO = INCLUDE_SOURCE;
				MTL_FAST_MATH = YES;
				ONLY_ACTIVE_ARCH = YES;
				SDKROOT = iphoneos;
				STRING_CATALOG_GENERATE_SYMBOLS = YES;
				SWIFT_ACTIVE_COMPILATION_CONDITIONS = "DEBUG $(inherited)";
				SWIFT_EMIT_LOC_STRINGS = YES;
				SWIFT_OPTIMIZATION_LEVEL = "-Onone";
			};
			name = Debug;
		};
		44B063F52DDDC4D100252D85 /* Release */ = {
			isa = XCBuildConfiguration;
			baseConfigurationReferenceAnchor = 5C79B45A2F1F203400CA4B0C /* Config */;
			baseConfigurationReferenceRelativePath = Release.xcconfig;
			buildSettings = {
				ALWAYS_SEARCH_USER_PATHS = NO;
				ASSETCATALOG_COMPILER_GENERATE_SWIFT_ASSET_SYMBOL_EXTENSIONS = YES;
				CLANG_ANALYZER_NONNULL = YES;
				CLANG_ANALYZER_NUMBER_OBJECT_CONVERSION = YES_AGGRESSIVE;
				CLANG_CXX_LANGUAGE_STANDARD = "gnu++20";
				CLANG_ENABLE_MODULES = YES;
				CLANG_ENABLE_OBJC_ARC = YES;
				CLANG_ENABLE_OBJC_WEAK = YES;
				CLANG_WARN_BLOCK_CAPTURE_AUTORELEASING = YES;
				CLANG_WARN_BOOL_CONVERSION = YES;
				CLANG_WARN_COMMA = YES;
				CLANG_WARN_CONSTANT_CONVERSION = YES;
				CLANG_WARN_DEPRECATED_OBJC_IMPLEMENTATIONS = YES;
				CLANG_WARN_DIRECT_OBJC_ISA_USAGE = YES_ERROR;
				CLANG_WARN_DOCUMENTATION_COMMENTS = YES;
				CLANG_WARN_EMPTY_BODY = YES;
				CLANG_WARN_ENUM_CONVERSION = YES;
				CLANG_WARN_INFINITE_RECURSION = YES;
				CLANG_WARN_INT_CONVERSION = YES;
				CLANG_WARN_NON_LITERAL_NULL_CONVERSION = YES;
				CLANG_WARN_OBJC_IMPLICIT_RETAIN_SELF = YES;
				CLANG_WARN_OBJC_LITERAL_CONVERSION = YES;
				CLANG_WARN_OBJC_ROOT_CLASS = YES_ERROR;
				CLANG_WARN_QUOTED_INCLUDE_IN_FRAMEWORK_HEADER = YES;
				CLANG_WARN_RANGE_LOOP_ANALYSIS = YES;
				CLANG_WARN_STRICT_PROTOTYPES = YES;
				CLANG_WARN_SUSPICIOUS_MOVE = YES;
				CLANG_WARN_UNGUARDED_AVAILABILITY = YES_AGGRESSIVE;
				CLANG_WARN_UNREACHABLE_CODE = YES;
				CLANG_WARN__DUPLICATE_METHOD_MATCH = YES;
				COPY_PHASE_STRIP = NO;
				DEBUG_INFORMATION_FORMAT = "dwarf-with-dsym";
				DEVELOPMENT_TEAM = SK8659UQX8;
				ENABLE_NS_ASSERTIONS = NO;
				ENABLE_STRICT_OBJC_MSGSEND = YES;
				ENABLE_USER_SCRIPT_SANDBOXING = YES;
				GCC_C_LANGUAGE_STANDARD = gnu17;
				GCC_NO_COMMON_BLOCKS = YES;
				GCC_WARN_64_TO_32_BIT_CONVERSION = YES;
				GCC_WARN_ABOUT_RETURN_TYPE = YES_ERROR;
				GCC_WARN_UNDECLARED_SELECTOR = YES;
				GCC_WARN_UNINITIALIZED_AUTOS = YES_AGGRESSIVE;
				GCC_WARN_UNUSED_FUNCTION = YES;
				GCC_WARN_UNUSED_VARIABLE = YES;
				IPHONEOS_DEPLOYMENT_TARGET = 18.2;
				LOCALIZATION_PREFERS_STRING_CATALOGS = YES;
				MTL_ENABLE_DEBUG_INFO = NO;
				MTL_FAST_MATH = YES;
				SDKROOT = iphoneos;
				STRING_CATALOG_GENERATE_SYMBOLS = YES;
				SWIFT_COMPILATION_MODE = wholemodule;
				SWIFT_EMIT_LOC_STRINGS = YES;
				VALIDATE_PRODUCT = YES;
			};
			name = Release;
		};
		44B063F72DDDC4D100252D85 /* Debug */ = {
			isa = XCBuildConfiguration;
			baseConfigurationReferenceAnchor = 5C79B45A2F1F203400CA4B0C /* Config */;
			baseConfigurationReferenceRelativePath = "Targets/App/App-Debug.xcconfig";
			buildSettings = {
				ASSETCATALOG_COMPILER_APPICON_NAME = AppIcon;
				ASSETCATALOG_COMPILER_GLOBAL_ACCENT_COLOR_NAME = AccentColor;
				CODE_SIGN_ENTITLEMENTS = Haby/Haby.entitlements;
				CODE_SIGN_STYLE = Automatic;
				CURRENT_PROJECT_VERSION = 1;
				DEVELOPMENT_ASSET_PATHS = "\"Haby/UI/Preview Content\"";
				ENABLE_PREVIEWS = YES;
				GENERATE_INFOPLIST_FILE = YES;
				INFOPLIST_FILE = Haby/Info.plist;
				INFOPLIST_KEY_NSHealthShareUsageDescription = "\"This app reads your step count to track your daily activity.\"";
				INFOPLIST_KEY_NSHealthUpdateUsageDescription = "\"This app uses step count data to provide personalized health insights.\"";
				INFOPLIST_KEY_UIApplicationSceneManifest_Generation = YES;
				INFOPLIST_KEY_UIApplicationSupportsIndirectInputEvents = YES;
				INFOPLIST_KEY_UILaunchScreen_Generation = YES;
				INFOPLIST_KEY_UISupportedInterfaceOrientations_iPad = "UIInterfaceOrientationPortrait UIInterfaceOrientationPortraitUpsideDown UIInterfaceOrientationLandscapeLeft UIInterfaceOrientationLandscapeRight";
				INFOPLIST_KEY_UISupportedInterfaceOrientations_iPhone = "UIInterfaceOrientationPortrait UIInterfaceOrientationLandscapeLeft UIInterfaceOrientationLandscapeRight";
				LD_RUNPATH_SEARCH_PATHS = (
					"$(inherited)",
					"@executable_path/Frameworks",
				);
				MARKETING_VERSION = 1.0;
				PRODUCT_NAME = "$(TARGET_NAME)";
				SWIFT_EMIT_LOC_STRINGS = YES;
				SWIFT_VERSION = 5.0;
				TARGETED_DEVICE_FAMILY = "1,2";
			};
			name = Debug;
		};
		44B063F82DDDC4D100252D85 /* Release */ = {
			isa = XCBuildConfiguration;
			baseConfigurationReferenceAnchor = 5C79B45A2F1F203400CA4B0C /* Config */;
			baseConfigurationReferenceRelativePath = "Targets/App/App-Release.xcconfig";
			buildSettings = {
				ASSETCATALOG_COMPILER_APPICON_NAME = AppIcon;
				ASSETCATALOG_COMPILER_GLOBAL_ACCENT_COLOR_NAME = AccentColor;
				CODE_SIGN_ENTITLEMENTS = Haby/Haby.entitlements;
				CODE_SIGN_IDENTITY = "Apple Development";
				CODE_SIGN_STYLE = Automatic;
				CURRENT_PROJECT_VERSION = 1;
				DEVELOPMENT_ASSET_PATHS = "\"Haby/UI/Preview Content\"";
				ENABLE_PREVIEWS = YES;
				GENERATE_INFOPLIST_FILE = YES;
				INFOPLIST_FILE = Haby/Info.plist;
				INFOPLIST_KEY_NSHealthShareUsageDescription = "\"This app reads your step count to track your daily activity.\"";
				INFOPLIST_KEY_NSHealthUpdateUsageDescription = "\"This app uses step count data to provide personalized health insights.\"";
				INFOPLIST_KEY_UIApplicationSceneManifest_Generation = YES;
				INFOPLIST_KEY_UIApplicationSupportsIndirectInputEvents = YES;
				INFOPLIST_KEY_UILaunchScreen_Generation = YES;
				INFOPLIST_KEY_UISupportedInterfaceOrientations_iPad = "UIInterfaceOrientationPortrait UIInterfaceOrientationPortraitUpsideDown UIInterfaceOrientationLandscapeLeft UIInterfaceOrientationLandscapeRight";
				INFOPLIST_KEY_UISupportedInterfaceOrientations_iPhone = "UIInterfaceOrientationPortrait UIInterfaceOrientationLandscapeLeft UIInterfaceOrientationLandscapeRight";
				LD_RUNPATH_SEARCH_PATHS = (
					"$(inherited)",
					"@executable_path/Frameworks",
				);
				MARKETING_VERSION = 1.0;
				PRODUCT_NAME = "$(TARGET_NAME)";
				PROVISIONING_PROFILE_SPECIFIER = "";
				SWIFT_EMIT_LOC_STRINGS = YES;
				SWIFT_VERSION = 5.0;
				TARGETED_DEVICE_FAMILY = "1,2";
			};
			name = Release;
		};
		BB03A9A12F277BA1004BD874 /* Debug */ = {
			isa = XCBuildConfiguration;
			baseConfigurationReferenceAnchor = 5C79B45A2F1F203400CA4B0C /* Config */;
			baseConfigurationReferenceRelativePath = "Targets/Widget/Widget-Debug.xcconfig";
			buildSettings = {
				ASSETCATALOG_COMPILER_GLOBAL_ACCENT_COLOR_NAME = AccentColor;
				ASSETCATALOG_COMPILER_WIDGET_BACKGROUND_COLOR_NAME = WidgetBackground;
				CODE_SIGN_ENTITLEMENTS = "Haby WidgetExtension.entitlements";
				CODE_SIGN_STYLE = Automatic;
				CURRENT_PROJECT_VERSION = 1;
				GENERATE_INFOPLIST_FILE = YES;
				INFOPLIST_FILE = "Haby Widget/Info.plist";
				INFOPLIST_KEY_CFBundleDisplayName = "Haby Widget";
				INFOPLIST_KEY_NSHumanReadableCopyright = "";
				IPHONEOS_DEPLOYMENT_TARGET = 26.2;
				LD_RUNPATH_SEARCH_PATHS = (
					"$(inherited)",
					"@executable_path/Frameworks",
					"@executable_path/../../Frameworks",
				);
				MARKETING_VERSION = 1.0;
				PRODUCT_NAME = "$(TARGET_NAME)";
				SKIP_INSTALL = YES;
				STRING_CATALOG_GENERATE_SYMBOLS = YES;
				SWIFT_APPROACHABLE_CONCURRENCY = YES;
				SWIFT_EMIT_LOC_STRINGS = YES;
				SWIFT_UPCOMING_FEATURE_MEMBER_IMPORT_VISIBILITY = YES;
				SWIFT_VERSION = 5.0;
				TARGETED_DEVICE_FAMILY = "1,2";
			};
			name = Debug;
		};
		BB03A9A22F277BA1004BD874 /* Release */ = {
			isa = XCBuildConfiguration;
			baseConfigurationReferenceAnchor = 5C79B45A2F1F203400CA4B0C /* Config */;
			baseConfigurationReferenceRelativePath = "Targets/Widget/Widget-Release.xcconfig";
			buildSettings = {
				ASSETCATALOG_COMPILER_GLOBAL_ACCENT_COLOR_NAME = AccentColor;
				ASSETCATALOG_COMPILER_WIDGET_BACKGROUND_COLOR_NAME = WidgetBackground;
				CODE_SIGN_ENTITLEMENTS = "Haby WidgetExtension.entitlements";
				CODE_SIGN_IDENTITY = "Apple Development";
				CODE_SIGN_STYLE = Automatic;
				CURRENT_PROJECT_VERSION = 1;
				GENERATE_INFOPLIST_FILE = YES;
				INFOPLIST_FILE = "Haby Widget/Info.plist";
				INFOPLIST_KEY_CFBundleDisplayName = "Haby Widget";
				INFOPLIST_KEY_NSHumanReadableCopyright = "";
				IPHONEOS_DEPLOYMENT_TARGET = 26.2;
				LD_RUNPATH_SEARCH_PATHS = (
					"$(inherited)",
					"@executable_path/Frameworks",
					"@executable_path/../../Frameworks",
				);
				MARKETING_VERSION = 1.0;
				PRODUCT_NAME = "$(TARGET_NAME)";
				SKIP_INSTALL = YES;
				STRING_CATALOG_GENERATE_SYMBOLS = YES;
				SWIFT_APPROACHABLE_CONCURRENCY = YES;
				SWIFT_EMIT_LOC_STRINGS = YES;
				SWIFT_UPCOMING_FEATURE_MEMBER_IMPORT_VISIBILITY = YES;
				SWIFT_VERSION = 5.0;
				TARGETED_DEVICE_FAMILY = "1,2";
			};
			name = Release;
		};
		BB2C2B792F20D5120030CF44 /* Debug */ = {
			isa = XCBuildConfiguration;
			baseConfigurationReferenceAnchor = 5C79B45A2F1F203400CA4B0C /* Config */;
			baseConfigurationReferenceRelativePath = "Targets/Watch/Watch-Debug.xcconfig";
			buildSettings = {
				ASSETCATALOG_COMPILER_APPICON_NAME = AppIcon;
				ASSETCATALOG_COMPILER_GLOBAL_ACCENT_COLOR_NAME = AccentColor;
				CODE_SIGN_STYLE = Automatic;
				CURRENT_PROJECT_VERSION = 1;
				ENABLE_PREVIEWS = YES;
				GENERATE_INFOPLIST_FILE = YES;
				INFOPLIST_FILE = "Haby-Companion-Watch-App-Info.plist";
				INFOPLIST_KEY_CFBundleDisplayName = Haby;
				INFOPLIST_KEY_UISupportedInterfaceOrientations = "UIInterfaceOrientationPortrait UIInterfaceOrientationPortraitUpsideDown";
				INFOPLIST_KEY_WKCompanionAppBundleIdentifier = "dev.krazymanj.krazymanj-katapl.Haby";
				LD_RUNPATH_SEARCH_PATHS = (
					"$(inherited)",
					"@executable_path/Frameworks",
				);
				MARKETING_VERSION = 1.0;
				PRODUCT_NAME = "$(TARGET_NAME)";
				SDKROOT = watchos;
				SKIP_INSTALL = YES;
				STRING_CATALOG_GENERATE_SYMBOLS = YES;
				SWIFT_APPROACHABLE_CONCURRENCY = YES;
				SWIFT_DEFAULT_ACTOR_ISOLATION = MainActor;
				SWIFT_EMIT_LOC_STRINGS = YES;
				SWIFT_UPCOMING_FEATURE_MEMBER_IMPORT_VISIBILITY = YES;
				SWIFT_VERSION = 5.0;
				TARGETED_DEVICE_FAMILY = 4;
				WATCHOS_DEPLOYMENT_TARGET = 26.2;
			};
			name = Debug;
		};
		BB2C2B7A2F20D5120030CF44 /* Release */ = {
			isa = XCBuildConfiguration;
			baseConfigurationReferenceAnchor = 5C79B45A2F1F203400CA4B0C /* Config */;
			baseConfigurationReferenceRelativePath = "Targets/Watch/Watch-Release.xcconfig";
			buildSettings = {
				ASSETCATALOG_COMPILER_APPICON_NAME = AppIcon;
				ASSETCATALOG_COMPILER_GLOBAL_ACCENT_COLOR_NAME = AccentColor;
				CODE_SIGN_IDENTITY = "Apple Development";
				CODE_SIGN_STYLE = Automatic;
				CURRENT_PROJECT_VERSION = 1;
				ENABLE_PREVIEWS = YES;
				GENERATE_INFOPLIST_FILE = YES;
				INFOPLIST_FILE = "Haby-Companion-Watch-App-Info.plist";
				INFOPLIST_KEY_CFBundleDisplayName = Haby;
				INFOPLIST_KEY_UISupportedInterfaceOrientations = "UIInterfaceOrientationPortrait UIInterfaceOrientationPortraitUpsideDown";
				INFOPLIST_KEY_WKCompanionAppBundleIdentifier = "dev.krazymanj.krazymanj-katapl.Haby";
				LD_RUNPATH_SEARCH_PATHS = (
					"$(inherited)",
					"@executable_path/Frameworks",
				);
				MARKETING_VERSION = 1.0;
				PRODUCT_NAME = "$(TARGET_NAME)";
				SDKROOT = watchos;
				SKIP_INSTALL = YES;
				STRING_CATALOG_GENERATE_SYMBOLS = YES;
				SWIFT_APPROACHABLE_CONCURRENCY = YES;
				SWIFT_DEFAULT_ACTOR_ISOLATION = MainActor;
				SWIFT_EMIT_LOC_STRINGS = YES;
				SWIFT_UPCOMING_FEATURE_MEMBER_IMPORT_VISIBILITY = YES;
				SWIFT_VERSION = 5.0;
				TARGETED_DEVICE_FAMILY = 4;
				WATCHOS_DEPLOYMENT_TARGET = 26.2;
			};
			name = Release;
		};
/* End XCBuildConfiguration section */

/* Begin XCConfigurationList section */
		44B063E32DDDC4D000252D85 /* Build configuration list for PBXProject "Haby" */ = {
			isa = XCConfigurationList;
			buildConfigurations = (
				44B063F42DDDC4D100252D85 /* Debug */,
				44B063F52DDDC4D100252D85 /* Release */,
			);
			defaultConfigurationIsVisible = 0;
			defaultConfigurationName = Release;
		};
		44B063F62DDDC4D100252D85 /* Build configuration list for PBXNativeTarget "Haby" */ = {
			isa = XCConfigurationList;
			buildConfigurations = (
				44B063F72DDDC4D100252D85 /* Debug */,
				44B063F82DDDC4D100252D85 /* Release */,
			);
			defaultConfigurationIsVisible = 0;
			defaultConfigurationName = Release;
		};
		BB03A9A32F277BA1004BD874 /* Build configuration list for PBXNativeTarget "Haby WidgetExtension" */ = {
			isa = XCConfigurationList;
			buildConfigurations = (
				BB03A9A12F277BA1004BD874 /* Debug */,
				BB03A9A22F277BA1004BD874 /* Release */,
			);
			defaultConfigurationIsVisible = 0;
			defaultConfigurationName = Release;
		};
		BB2C2B782F20D5120030CF44 /* Build configuration list for PBXNativeTarget "Haby Companion Watch App" */ = {
			isa = XCConfigurationList;
			buildConfigurations = (
				BB2C2B792F20D5120030CF44 /* Debug */,
				BB2C2B7A2F20D5120030CF44 /* Release */,
			);
			defaultConfigurationIsVisible = 0;
			defaultConfigurationName = Release;
		};
/* End XCConfigurationList section */

/* Begin XCRemoteSwiftPackageReference section */
		44D51C452E04471400309324 /* XCRemoteSwiftPackageReference "FSCalendar" */ = {
			isa = XCRemoteSwiftPackageReference;
			repositoryURL = "https://github.com/WenchaoD/FSCalendar";
			requirement = {
				kind = upToNextMajorVersion;
				minimumVersion = 2.8.4;
			};
		};
		A003D61E2DFAE65400A5B0C0 /* XCRemoteSwiftPackageReference "SFSymbolsPicker" */ = {
			isa = XCRemoteSwiftPackageReference;
			repositoryURL = "https://github.com/alessiorubicini/SFSymbolsPicker";
			requirement = {
				kind = upToNextMajorVersion;
				minimumVersion = 1.0.7;
			};
		};
/* End XCRemoteSwiftPackageReference section */

/* Begin XCSwiftPackageProductDependency section */
		44D51C462E04471400309324 /* FSCalendar */ = {
			isa = XCSwiftPackageProductDependency;
			package = 44D51C452E04471400309324 /* XCRemoteSwiftPackageReference "FSCalendar" */;
			productName = FSCalendar;
		};
		A003D61F2DFAE65400A5B0C0 /* SFSymbolsPicker */ = {
			isa = XCSwiftPackageProductDependency;
			package = A003D61E2DFAE65400A5B0C0 /* XCRemoteSwiftPackageReference "SFSymbolsPicker" */;
			productName = SFSymbolsPicker;
		};
/* End XCSwiftPackageProductDependency section */
	};
	rootObject = 44B063E02DDDC4D000252D85 /* Project object */;
}
