{
  "originHash" : "fa62f810c7464791fdffbfe04b888c0af66f93bc733201af7adc53165191d813",
  "pins" : [
    {
      "identity" : "fscalendar",
      "kind" : "remoteSourceControl",
      "location" : "https://github.com/WenchaoD/FSCalendar",
      "state" : {
        "revision" : "0fbdec5172fccb90f707472eeaea4ffe095278f6",
        "version" : "2.8.4"
      }
    },
    {
      "identity" : "sfsymbolspicker",
      "kind" : "remoteSourceControl",
      "location" : "https://github.com/alessiorubicini/SFSymbolsPicker",
      "state" : {
        "revision" : "02800d8db419d0dbf6d1e6128ee517f784887d14",
        "version" : "1.0.7"
      }
    }
  ],
  "version" : 3
}
