{
  "originHash" : "a8affb8ca460c0dd0c6377a5336b645171be2374d355a6c64ca898b5fb8d12b7",
  "pins" : [
    {
      "identity" : "lrstreakkit",
      "kind" : "remoteSourceControl",
      "location" : "https://github.com/lukerobertsapps/LRStreakKit.git",
      "state" : {
        "revision" : "e7a4e176932f1de1d0932a1ed2489862543cb401",
        "version" : "1.1.0"
      }
    },
    {
      "identity" : "sfsymbolspicker",
      "kind" : "remoteSourceControl",
      "location" : "https://github.com/alessiorubicini/SFSymbolsPicker",
      "state" : {
        "revision" : "02800d8db419d0dbf6d1e6128ee517f784887d14",
        "version" : "1.0.7"
      }
    }
  ],
  "version" : 3
}
